<Solution>
  <Folder Name="/benchmarks/">
    <Project Path="benchmarks/MdCsg.Benchmarks/MdCsg.Benchmarks.csproj" />
  </Folder>
  <Folder Name="/src/">
    <Project Path="src/MdCsg/MdCsg.csproj" />
  </Folder>
  <Folder Name="/tests/">
    <Project Path="tests/MdCsg.ScalingTests/MdCsg.ScalingTests.csproj" />
    <Project Path="tests/MdCsg.Tests/MdCsg.Tests.csproj" />
  </Folder>
</Solution>
