<Solution>
  <Folder Name="/benchmarks/">
    <Project Path="benchmarks/MdCsg.Benchmarks/MdCsg.Benchmarks.csproj" />
    <Project Path="benchmarks/MdCsg.Gpu.Benchmarks/MdCsg.Gpu.Benchmarks.csproj" />
  </Folder>
  <Folder Name="/src/">
    <Project Path="src/MdCsg/MdCsg.csproj" />
    <Project Path="src/MdCsg.Gpu/MdCsg.Gpu.csproj" />
    <Project Path="src/MdCsg.Robust/MdCsg.Robust.csproj" />
    <Project Path="src/MdCsg.Showcase/MdCsg.Showcase.csproj" />
    <Project Path="src/MdCsg.Showcase.RobustTest/MdCsg.Showcase.RobustTest.csproj" />
  </Folder>
  <Folder Name="/tests/">
    <Project Path="tests/MdCsg.ScalingTests/MdCsg.ScalingTests.csproj" />
    <Project Path="tests/MdCsg.Tests/MdCsg.Tests.csproj" />
    <Project Path="tests/MdCsg.Gpu.Tests/MdCsg.Gpu.Tests.csproj" />
    <Project Path="tests/MdCsg.Showcase.ContractTests/MdCsg.Showcase.ContractTests.csproj" />
    <Project Path="tests/MdCsg.Robust.Conformance/MdCsg.Robust.Conformance.csproj" />
  </Folder>
  <Folder Name="/tools/">
    <Project Path="tools/MeshDiag/MeshDiag.csproj" />
    <Project Path="tools/diagrun/DiagRun/DiagRun.csproj" />
  </Folder>
</Solution>
